Microsoft Visual Studio Solution File, Format Version 12.00
# Visual Studio Version 17
VisualStudioVersion = 17.5.2.0
MinimumVisualStudioVersion = 10.0.40219.1
Project("{FAE04EC0-301F-11D3-BF4B-00C04F79EFBC}") = "ThuongMaiDienTu", "ThuongMaiDienTu.csproj", "{D2837C2F-2D7B-F891-8D13-0F3874EDBA3B}"
EndProject
Global
	GlobalSection(SolutionConfigurationPlatforms) = preSolution
		Debug|Any CPU = Debug|Any CPU
		Release|Any CPU = Release|Any CPU
	EndGlobalSection
	GlobalSection(ProjectConfigurationPlatforms) = postSolution
		{D2837C2F-2D7B-F891-8D13-0F3874EDBA3B}.Debug|Any CPU.ActiveCfg = Debug|Any CPU
		{D2837C2F-2D7B-F891-8D13-0F3874EDBA3B}.Debug|Any CPU.Build.0 = Debug|Any CPU
		{D2837C2F-2D7B-F891-8D13-0F3874EDBA3B}.Release|Any CPU.ActiveCfg = Release|Any CPU
		{D2837C2F-2D7B-F891-8D13-0F3874EDBA3B}.Release|Any CPU.Build.0 = Release|Any CPU
	EndGlobalSection
	GlobalSection(SolutionProperties) = preSolution
		HideSolutionNode = FALSE
	EndGlobalSection
	GlobalSection(ExtensibilityGlobals) = postSolution
		SolutionGuid = {740464A8-46D7-4645-B2D3-338266899B88}
	EndGlobalSection
EndGlobal
